{
  "name": "navigation-panel",
  "version": "1.3.3",
  "lockfileVersion": 3,
  "requires": true,
  "packages": {
    "": {
      "name": "navigation-panel",
      "version": "1.3.3",
      "license": "MIT",
      "dependencies": {
        "diacritic": "0.0.2",
        "etch": "^0.14.1"
      },
      "engines": {
        "atom": ">=1.100.0 <2.0.0"
      }
    },
    "node_modules/diacritic": {
      "version": "0.0.2",
      "resolved": "https://registry.npmjs.org/diacritic/-/diacritic-0.0.2.tgz",
      "integrity": "sha1-/CqIe1pbwKCoVPthTHwvIJBh7gQ="
    },
    "node_modules/etch": {
      "version": "0.14.1",
      "resolved": "https://registry.npmjs.org/etch/-/etch-0.14.1.tgz",
      "integrity": "sha512-+IwqSDBhaQFMUHJu4L/ir0dhDoW5IIihg4Z9lzsIxxne8V0PlSg0gnk2STaKWjGJQnDR4cxpA+a/dORX9kycTA=="
    }
  }
}
